
Microsoft Visual Studio Solution File, Format Version 12.00
# Visual Studio Version 17
VisualStudioVersion = 17.8.34309.116
MinimumVisualStudioVersion = 10.0.40219.1
Project("{FAE04EC0-301F-11D3-BF4B-00C04F79EFBC}") = "PokemonRepo", "PokemonRepo\PokemonRepo.csproj", "{33CF4F1D-70BD-4273-A004-39FEBFCB5CBD}"
EndProject
Global
	GlobalSection(SolutionConfigurationPlatforms) = preSolution
		Debug|Any CPU = Debug|Any CPU
		Release|Any CPU = Release|Any CPU
	EndGlobalSection
	GlobalSection(ProjectConfigurationPlatforms) = postSolution
		{33CF4F1D-70BD-4273-A004-39FEBFCB5CBD}.Debug|Any CPU.ActiveCfg = Debug|Any CPU
		{33CF4F1D-70BD-4273-A004-39FEBFCB5CBD}.Debug|Any CPU.Build.0 = Debug|Any CPU
		{33CF4F1D-70BD-4273-A004-39FEBFCB5CBD}.Release|Any CPU.ActiveCfg = Release|Any CPU
		{33CF4F1D-70BD-4273-A004-39FEBFCB5CBD}.Release|Any CPU.Build.0 = Release|Any CPU
	EndGlobalSection
	GlobalSection(SolutionProperties) = preSolution
		HideSolutionNode = FALSE
	EndGlobalSection
	GlobalSection(ExtensibilityGlobals) = postSolution
		SolutionGuid = {26089D71-3AE4-4A6E-B96F-F08F7D9BF7EC}
	EndGlobalSection
EndGlobal
